
Microsoft Visual Studio Solution File, Format Version 12.00
# Visual Studio Version 16
VisualStudioVersion = 16.0.31702.278
MinimumVisualStudioVersion = 10.0.40219.1
Project("{FAE04EC0-301F-11D3-BF4B-00C04F79EFBC}") = "SongbookManagerLite.UWP", "SongbookManagerLite\SongbookManagerLite.UWP\SongbookManagerLite.UWP.csproj", "{D4927D41-752F-4984-B2A3-8A24280F5606}"
EndProject
Project("{FAE04EC0-301F-11D3-BF4B-00C04F79EFBC}") = "SongbookManagerLite.Android", "SongbookManagerLite\SongbookManagerLite.Android\SongbookManagerLite.Android.csproj", "{22C5798B-EE3A-4FAA-A3E4-154768DA6824}"
EndProject
Project("{FAE04EC0-301F-11D3-BF4B-00C04F79EFBC}") = "SongbookManagerLite.iOS", "SongbookManagerLite\SongbookManagerLite.iOS\SongbookManagerLite.iOS.csproj", "{973D36A1-55FA-4D48-A0B6-DCC7F7D4DB1E}"
EndProject
Project("{FAE04EC0-301F-11D3-BF4B-00C04F79EFBC}") = "SongbookManagerLite", "SongbookManagerLite\SongbookManagerLite\SongbookManagerLite.csproj", "{77344482-C097-47FF-9189-17F94FF898E2}"
EndProject
Global
	GlobalSection(SolutionConfigurationPlatforms) = preSolution
		Debug|Any CPU = Debug|Any CPU
		Debug|ARM = Debug|ARM
		Debug|iPhone = Debug|iPhone
		Debug|iPhoneSimulator = Debug|iPhoneSimulator
		Debug|x64 = Debug|x64
		Debug|x86 = Debug|x86
		Release|Any CPU = Release|Any CPU
		Release|ARM = Release|ARM
		Release|iPhone = Release|iPhone
		Release|iPhoneSimulator = Release|iPhoneSimulator
		Release|x64 = Release|x64
		Release|x86 = Release|x86
	EndGlobalSection
	GlobalSection(ProjectConfigurationPlatforms) = postSolution
		{D4927D41-752F-4984-B2A3-8A24280F5606}.Debug|Any CPU.ActiveCfg = Debug|x86
		{D4927D41-752F-4984-B2A3-8A24280F5606}.Debug|Any CPU.Build.0 = Debug|x86
		{D4927D41-752F-4984-B2A3-8A24280F5606}.Debug|Any CPU.Deploy.0 = Debug|x86
		{D4927D41-752F-4984-B2A3-8A24280F5606}.Debug|ARM.ActiveCfg = Debug|ARM
		{D4927D41-752F-4984-B2A3-8A24280F5606}.Debug|ARM.Build.0 = Debug|ARM
		{D4927D41-752F-4984-B2A3-8A24280F5606}.Debug|ARM.Deploy.0 = Debug|ARM
		{D4927D41-752F-4984-B2A3-8A24280F5606}.Debug|iPhone.ActiveCfg = Debug|x86
		{D4927D41-752F-4984-B2A3-8A24280F5606}.Debug|iPhone.Build.0 = Debug|x86
		{D4927D41-752F-4984-B2A3-8A24280F5606}.Debug|iPhone.Deploy.0 = Debug|x86
		{D4927D41-752F-4984-B2A3-8A24280F5606}.Debug|iPhoneSimulator.ActiveCfg = Debug|x86
		{D4927D41-752F-4984-B2A3-8A24280F5606}.Debug|iPhoneSimulator.Build.0 = Debug|x86
		{D4927D41-752F-4984-B2A3-8A24280F5606}.Debug|iPhoneSimulator.Deploy.0 = Debug|x86
		{D4927D41-752F-4984-B2A3-8A24280F5606}.Debug|x64.ActiveCfg = Debug|x64
		{D4927D41-752F-4984-B2A3-8A24280F5606}.Debug|x64.Build.0 = Debug|x64
		{D4927D41-752F-4984-B2A3-8A24280F5606}.Debug|x64.Deploy.0 = Debug|x64
		{D4927D41-752F-4984-B2A3-8A24280F5606}.Debug|x86.ActiveCfg = Debug|x86
		{D4927D41-752F-4984-B2A3-8A24280F5606}.Debug|x86.Build.0 = Debug|x86
		{D4927D41-752F-4984-B2A3-8A24280F5606}.Debug|x86.Deploy.0 = Debug|x86
		{D4927D41-752F-4984-B2A3-8A24280F5606}.Release|Any CPU.ActiveCfg = Release|x86
		{D4927D41-752F-4984-B2A3-8A24280F5606}.Release|Any CPU.Build.0 = Release|x86
		{D4927D41-752F-4984-B2A3-8A24280F5606}.Release|Any CPU.Deploy.0 = Release|x86
		{D4927D41-752F-4984-B2A3-8A24280F5606}.Release|ARM.ActiveCfg = Release|ARM
		{D4927D41-752F-4984-B2A3-8A24280F5606}.Release|ARM.Build.0 = Release|ARM
		{D4927D41-752F-4984-B2A3-8A24280F5606}.Release|ARM.Deploy.0 = Release|ARM
		{D4927D41-752F-4984-B2A3-8A24280F5606}.Release|iPhone.ActiveCfg = Release|x86
		{D4927D41-752F-4984-B2A3-8A24280F5606}.Release|iPhone.Build.0 = Release|x86
		{D4927D41-752F-4984-B2A3-8A24280F5606}.Release|iPhone.Deploy.0 = Release|x86
		{D4927D41-752F-4984-B2A3-8A24280F5606}.Release|iPhoneSimulator.ActiveCfg = Release|x86
		{D4927D41-752F-4984-B2A3-8A24280F5606}.Release|iPhoneSimulator.Build.0 = Release|x86
		{D4927D41-752F-4984-B2A3-8A24280F5606}.Release|iPhoneSimulator.Deploy.0 = Release|x86
		{D4927D41-752F-4984-B2A3-8A24280F5606}.Release|x64.ActiveCfg = Release|x64
		{D4927D41-752F-4984-B2A3-8A24280F5606}.Release|x64.Build.0 = Release|x64
		{D4927D41-752F-4984-B2A3-8A24280F5606}.Release|x64.Deploy.0 = Release|x64
		{D4927D41-752F-4984-B2A3-8A24280F5606}.Release|x86.ActiveCfg = Release|x86
		{D4927D41-752F-4984-B2A3-8A24280F5606}.Release|x86.Build.0 = Release|x86
		{D4927D41-752F-4984-B2A3-8A24280F5606}.Release|x86.Deploy.0 = Release|x86
		{22C5798B-EE3A-4FAA-A3E4-154768DA6824}.Debug|Any CPU.ActiveCfg = Debug|Any CPU
		{22C5798B-EE3A-4FAA-A3E4-154768DA6824}.Debug|Any CPU.Build.0 = Debug|Any CPU
		{22C5798B-EE3A-4FAA-A3E4-154768DA6824}.Debug|Any CPU.Deploy.0 = Debug|Any CPU
		{22C5798B-EE3A-4FAA-A3E4-154768DA6824}.Debug|ARM.ActiveCfg = Debug|Any CPU
		{22C5798B-EE3A-4FAA-A3E4-154768DA6824}.Debug|ARM.Build.0 = Debug|Any CPU
		{22C5798B-EE3A-4FAA-A3E4-154768DA6824}.Debug|ARM.Deploy.0 = Debug|Any CPU
		{22C5798B-EE3A-4FAA-A3E4-154768DA6824}.Debug|iPhone.ActiveCfg = Debug|Any CPU
		{22C5798B-EE3A-4FAA-A3E4-154768DA6824}.Debug|iPhone.Build.0 = Debug|Any CPU
		{22C5798B-EE3A-4FAA-A3E4-154768DA6824}.Debug|iPhone.Deploy.0 = Debug|Any CPU
		{22C5798B-EE3A-4FAA-A3E4-154768DA6824}.Debug|iPhoneSimulator.ActiveCfg = Debug|Any CPU
		{22C5798B-EE3A-4FAA-A3E4-154768DA6824}.Debug|iPhoneSimulator.Build.0 = Debug|Any CPU
		{22C5798B-EE3A-4FAA-A3E4-154768DA6824}.Debug|iPhoneSimulator.Deploy.0 = Debug|Any CPU
		{22C5798B-EE3A-4FAA-A3E4-154768DA6824}.Debug|x64.ActiveCfg = Debug|Any CPU
		{22C5798B-EE3A-4FAA-A3E4-154768DA6824}.Debug|x64.Build.0 = Debug|Any CPU
		{22C5798B-EE3A-4FAA-A3E4-154768DA6824}.Debug|x64.Deploy.0 = Debug|Any CPU
		{22C5798B-EE3A-4FAA-A3E4-154768DA6824}.Debug|x86.ActiveCfg = Debug|Any CPU
		{22C5798B-EE3A-4FAA-A3E4-154768DA6824}.Debug|x86.Build.0 = Debug|Any CPU
		{22C5798B-EE3A-4FAA-A3E4-154768DA6824}.Debug|x86.Deploy.0 = Debug|Any CPU
		{22C5798B-EE3A-4FAA-A3E4-154768DA6824}.Release|Any CPU.ActiveCfg = Release|Any CPU
		{22C5798B-EE3A-4FAA-A3E4-154768DA6824}.Release|Any CPU.Build.0 = Release|Any CPU
		{22C5798B-EE3A-4FAA-A3E4-154768DA6824}.Release|Any CPU.Deploy.0 = Release|Any CPU
		{22C5798B-EE3A-4FAA-A3E4-154768DA6824}.Release|ARM.ActiveCfg = Release|Any CPU
		{22C5798B-EE3A-4FAA-A3E4-154768DA6824}.Release|ARM.Build.0 = Release|Any CPU
		{22C5798B-EE3A-4FAA-A3E4-154768DA6824}.Release|ARM.Deploy.0 = Release|Any CPU
		{22C5798B-EE3A-4FAA-A3E4-154768DA6824}.Release|iPhone.ActiveCfg = Release|Any CPU
		{22C5798B-EE3A-4FAA-A3E4-154768DA6824}.Release|iPhone.Build.0 = Release|Any CPU
		{22C5798B-EE3A-4FAA-A3E4-154768DA6824}.Release|iPhone.Deploy.0 = Release|Any CPU
		{22C5798B-EE3A-4FAA-A3E4-154768DA6824}.Release|iPhoneSimulator.ActiveCfg = Release|Any CPU
		{22C5798B-EE3A-4FAA-A3E4-154768DA6824}.Release|iPhoneSimulator.Build.0 = Release|Any CPU
		{22C5798B-EE3A-4FAA-A3E4-154768DA6824}.Release|iPhoneSimulator.Deploy.0 = Release|Any CPU
		{22C5798B-EE3A-4FAA-A3E4-154768DA6824}.Release|x64.ActiveCfg = Release|Any CPU
		{22C5798B-EE3A-4FAA-A3E4-154768DA6824}.Release|x64.Build.0 = Release|Any CPU
		{22C5798B-EE3A-4FAA-A3E4-154768DA6824}.Release|x64.Deploy.0 = Release|Any CPU
		{22C5798B-EE3A-4FAA-A3E4-154768DA6824}.Release|x86.ActiveCfg = Release|Any CPU
		{22C5798B-EE3A-4FAA-A3E4-154768DA6824}.Release|x86.Build.0 = Release|Any CPU
		{22C5798B-EE3A-4FAA-A3E4-154768DA6824}.Release|x86.Deploy.0 = Release|Any CPU
		{973D36A1-55FA-4D48-A0B6-DCC7F7D4DB1E}.Debug|Any CPU.ActiveCfg = Debug|iPhoneSimulator
		{973D36A1-55FA-4D48-A0B6-DCC7F7D4DB1E}.Debug|Any CPU.Build.0 = Debug|iPhoneSimulator
		{973D36A1-55FA-4D48-A0B6-DCC7F7D4DB1E}.Debug|Any CPU.Deploy.0 = Debug|iPhoneSimulator
		{973D36A1-55FA-4D48-A0B6-DCC7F7D4DB1E}.Debug|ARM.ActiveCfg = Debug|iPhone
		{973D36A1-55FA-4D48-A0B6-DCC7F7D4DB1E}.Debug|ARM.Build.0 = Debug|iPhone
		{973D36A1-55FA-4D48-A0B6-DCC7F7D4DB1E}.Debug|ARM.Deploy.0 = Debug|iPhone
		{973D36A1-55FA-4D48-A0B6-DCC7F7D4DB1E}.Debug|iPhone.ActiveCfg = Debug|iPhone
		{973D36A1-55FA-4D48-A0B6-DCC7F7D4DB1E}.Debug|iPhone.Build.0 = Debug|iPhone
		{973D36A1-55FA-4D48-A0B6-DCC7F7D4DB1E}.Debug|iPhone.Deploy.0 = Debug|iPhone
		{973D36A1-55FA-4D48-A0B6-DCC7F7D4DB1E}.Debug|iPhoneSimulator.ActiveCfg = Debug|iPhoneSimulator
		{973D36A1-55FA-4D48-A0B6-DCC7F7D4DB1E}.Debug|iPhoneSimulator.Build.0 = Debug|iPhoneSimulator
		{973D36A1-55FA-4D48-A0B6-DCC7F7D4DB1E}.Debug|iPhoneSimulator.Deploy.0 = Debug|iPhoneSimulator
		{973D36A1-55FA-4D48-A0B6-DCC7F7D4DB1E}.Debug|x64.ActiveCfg = Debug|iPhoneSimulator
		{973D36A1-55FA-4D48-A0B6-DCC7F7D4DB1E}.Debug|x64.Build.0 = Debug|iPhoneSimulator
		{973D36A1-55FA-4D48-A0B6-DCC7F7D4DB1E}.Debug|x64.Deploy.0 = Debug|iPhoneSimulator
		{973D36A1-55FA-4D48-A0B6-DCC7F7D4DB1E}.Debug|x86.ActiveCfg = Debug|iPhoneSimulator
		{973D36A1-55FA-4D48-A0B6-DCC7F7D4DB1E}.Debug|x86.Build.0 = Debug|iPhoneSimulator
		{973D36A1-55FA-4D48-A0B6-DCC7F7D4DB1E}.Debug|x86.Deploy.0 = Debug|iPhoneSimulator
		{973D36A1-55FA-4D48-A0B6-DCC7F7D4DB1E}.Release|Any CPU.ActiveCfg = Release|iPhoneSimulator
		{973D36A1-55FA-4D48-A0B6-DCC7F7D4DB1E}.Release|Any CPU.Build.0 = Release|iPhoneSimulator
		{973D36A1-55FA-4D48-A0B6-DCC7F7D4DB1E}.Release|Any CPU.Deploy.0 = Release|iPhoneSimulator
		{973D36A1-55FA-4D48-A0B6-DCC7F7D4DB1E}.Release|ARM.ActiveCfg = Release|iPhoneSimulator
		{973D36A1-55FA-4D48-A0B6-DCC7F7D4DB1E}.Release|ARM.Build.0 = Release|iPhoneSimulator
		{973D36A1-55FA-4D48-A0B6-DCC7F7D4DB1E}.Release|ARM.Deploy.0 = Release|iPhoneSimulator
		{973D36A1-55FA-4D48-A0B6-DCC7F7D4DB1E}.Release|iPhone.ActiveCfg = Release|iPhone
		{973D36A1-55FA-4D48-A0B6-DCC7F7D4DB1E}.Release|iPhone.Build.0 = Release|iPhone
		{973D36A1-55FA-4D48-A0B6-DCC7F7D4DB1E}.Release|iPhone.Deploy.0 = Release|iPhone
		{973D36A1-55FA-4D48-A0B6-DCC7F7D4DB1E}.Release|iPhoneSimulator.ActiveCfg = Release|iPhoneSimulator
		{973D36A1-55FA-4D48-A0B6-DCC7F7D4DB1E}.Release|iPhoneSimulator.Build.0 = Release|iPhoneSimulator
		{973D36A1-55FA-4D48-A0B6-DCC7F7D4DB1E}.Release|iPhoneSimulator.Deploy.0 = Release|iPhoneSimulator
		{973D36A1-55FA-4D48-A0B6-DCC7F7D4DB1E}.Release|x64.ActiveCfg = Release|iPhoneSimulator
		{973D36A1-55FA-4D48-A0B6-DCC7F7D4DB1E}.Release|x64.Build.0 = Release|iPhoneSimulator
		{973D36A1-55FA-4D48-A0B6-DCC7F7D4DB1E}.Release|x64.Deploy.0 = Release|iPhoneSimulator
		{973D36A1-55FA-4D48-A0B6-DCC7F7D4DB1E}.Release|x86.ActiveCfg = Release|iPhoneSimulator
		{973D36A1-55FA-4D48-A0B6-DCC7F7D4DB1E}.Release|x86.Build.0 = Release|iPhoneSimulator
		{973D36A1-55FA-4D48-A0B6-DCC7F7D4DB1E}.Release|x86.Deploy.0 = Release|iPhoneSimulator
		{77344482-C097-47FF-9189-17F94FF898E2}.Debug|Any CPU.ActiveCfg = Debug|Any CPU
		{77344482-C097-47FF-9189-17F94FF898E2}.Debug|Any CPU.Build.0 = Debug|Any CPU
		{77344482-C097-47FF-9189-17F94FF898E2}.Debug|Any CPU.Deploy.0 = Debug|Any CPU
		{77344482-C097-47FF-9189-17F94FF898E2}.Debug|ARM.ActiveCfg = Debug|Any CPU
		{77344482-C097-47FF-9189-17F94FF898E2}.Debug|ARM.Build.0 = Debug|Any CPU
		{77344482-C097-47FF-9189-17F94FF898E2}.Debug|ARM.Deploy.0 = Debug|Any CPU
		{77344482-C097-47FF-9189-17F94FF898E2}.Debug|iPhone.ActiveCfg = Debug|Any CPU
		{77344482-C097-47FF-9189-17F94FF898E2}.Debug|iPhone.Build.0 = Debug|Any CPU
		{77344482-C097-47FF-9189-17F94FF898E2}.Debug|iPhone.Deploy.0 = Debug|Any CPU
		{77344482-C097-47FF-9189-17F94FF898E2}.Debug|iPhoneSimulator.ActiveCfg = Debug|Any CPU
		{77344482-C097-47FF-9189-17F94FF898E2}.Debug|iPhoneSimulator.Build.0 = Debug|Any CPU
		{77344482-C097-47FF-9189-17F94FF898E2}.Debug|iPhoneSimulator.Deploy.0 = Debug|Any CPU
		{77344482-C097-47FF-9189-17F94FF898E2}.Debug|x64.ActiveCfg = Debug|Any CPU
		{77344482-C097-47FF-9189-17F94FF898E2}.Debug|x64.Build.0 = Debug|Any CPU
		{77344482-C097-47FF-9189-17F94FF898E2}.Debug|x64.Deploy.0 = Debug|Any CPU
		{77344482-C097-47FF-9189-17F94FF898E2}.Debug|x86.ActiveCfg = Debug|Any CPU
		{77344482-C097-47FF-9189-17F94FF898E2}.Debug|x86.Build.0 = Debug|Any CPU
		{77344482-C097-47FF-9189-17F94FF898E2}.Debug|x86.Deploy.0 = Debug|Any CPU
		{77344482-C097-47FF-9189-17F94FF898E2}.Release|Any CPU.ActiveCfg = Release|Any CPU
		{77344482-C097-47FF-9189-17F94FF898E2}.Release|Any CPU.Build.0 = Release|Any CPU
		{77344482-C097-47FF-9189-17F94FF898E2}.Release|Any CPU.Deploy.0 = Release|Any CPU
		{77344482-C097-47FF-9189-17F94FF898E2}.Release|ARM.ActiveCfg = Release|Any CPU
		{77344482-C097-47FF-9189-17F94FF898E2}.Release|ARM.Build.0 = Release|Any CPU
		{77344482-C097-47FF-9189-17F94FF898E2}.Release|ARM.Deploy.0 = Release|Any CPU
		{77344482-C097-47FF-9189-17F94FF898E2}.Release|iPhone.ActiveCfg = Release|Any CPU
		{77344482-C097-47FF-9189-17F94FF898E2}.Release|iPhone.Build.0 = Release|Any CPU
		{77344482-C097-47FF-9189-17F94FF898E2}.Release|iPhone.Deploy.0 = Release|Any CPU
		{77344482-C097-47FF-9189-17F94FF898E2}.Release|iPhoneSimulator.ActiveCfg = Release|Any CPU
		{77344482-C097-47FF-9189-17F94FF898E2}.Release|iPhoneSimulator.Build.0 = Release|Any CPU
		{77344482-C097-47FF-9189-17F94FF898E2}.Release|iPhoneSimulator.Deploy.0 = Release|Any CPU
		{77344482-C097-47FF-9189-17F94FF898E2}.Release|x64.ActiveCfg = Release|Any CPU
		{77344482-C097-47FF-9189-17F94FF898E2}.Release|x64.Build.0 = Release|Any CPU
		{77344482-C097-47FF-9189-17F94FF898E2}.Release|x64.Deploy.0 = Release|Any CPU
		{77344482-C097-47FF-9189-17F94FF898E2}.Release|x86.ActiveCfg = Release|Any CPU
		{77344482-C097-47FF-9189-17F94FF898E2}.Release|x86.Build.0 = Release|Any CPU
		{77344482-C097-47FF-9189-17F94FF898E2}.Release|x86.Deploy.0 = Release|Any CPU
	EndGlobalSection
	GlobalSection(SolutionProperties) = preSolution
		HideSolutionNode = FALSE
	EndGlobalSection
	GlobalSection(ExtensibilityGlobals) = postSolution
		SolutionGuid = {875C4C55-80A9-4A3D-9CCA-EF4FC4B40833}
	EndGlobalSection
EndGlobal
